PODS:
  - Kingfisher (7.9.0)
  - SDWebImage (5.17.0):
    - SDWebImage/Core (= 5.17.0)
  - SDWebImage/Core (5.17.0)

DEPENDENCIES:
  - Kingfisher (~> 7.0)
  - SDWebImage (~> 5.0)

SPEC REPOS:
  trunk:
    - Kingfisher
    - SDWebImage

SPEC CHECKSUMS:
  Kingfisher: 59f908b6d2f403b0a3e539debb0eec05cb27002c
  SDWebImage: 750adf017a315a280c60fde706ab1e552a3ae4e9

PODFILE CHECKSUM: 61a77310de04a53548e55102172e757c7339d07e

COCOAPODS: 1.12.1
